dependencies:
  espressif/ip101:
    component_hash: e3be457b9ae50d7b348e5418ef1a334b3f943a1f0df16a4d42767b89ae15d533
    dependencies:
    - name: idf
      require: private
      version: '>=6.0'
    source:
      registry_url: https://components.espressif.com/
      type: service
    targets:
    - esp32
    - esp32p4
    version: 1.0.0
  espressif/mqtt:
    component_hash: ffdad5659706b4dc14bc63f8eb73ef765efa015bf7e9adf71c813d52a2dc9342
    dependencies:
    - name: idf
      require: private
      version: '>=5.3'
    source:
      registry_url: https://components.espressif.com/
      type: service
    version: 1.0.0
  idf:
    source:
      type: idf
    version: 6.0.0
direct_dependencies:
- espressif/ip101
- espressif/mqtt
- idf
manifest_hash: 404243f88dc32f8b82cff76e520f93ce64ffe59df67191bfadba4189cb5ad892
target: esp32p4
version: 3.0.0
